
Microsoft Visual Studio Solution File, Format Version 12.00
# Visual Studio Version 17
VisualStudioVersion = 17.2.32505.173
MinimumVisualStudioVersion = 10.0.40219.1
Project("{FAE04EC0-301F-11D3-BF4B-00C04F79EFBC}") = "MainWindowLibrary", "MainWindowLibrary\MainWindowLibrary.csproj", "{78E8D47B-3DFE-41A5-80AB-1F00969FADC7}"
EndProject
Project("{FAE04EC0-301F-11D3-BF4B-00C04F79EFBC}") = "Fifteenth_Module", "Fifteenth_Module\Fifteenth_Module.csproj", "{9C00C863-D0B0-4D09-8AE3-EACDA562D458}"
EndProject
Project("{9A19103F-16F7-4668-BE54-9A1E7A4F7556}") = "FifteenthLibrary", "FifteenthLibrary\FifteenthLibrary.csproj", "{235C5383-45DF-44AD-ABCB-FB59B5E887F8}"
EndProject
Global
	GlobalSection(SolutionConfigurationPlatforms) = preSolution
		Debug|Any CPU = Debug|Any CPU
		Release|Any CPU = Release|Any CPU
	EndGlobalSection
	GlobalSection(ProjectConfigurationPlatforms) = postSolution
		{78E8D47B-3DFE-41A5-80AB-1F00969FADC7}.Debug|Any CPU.ActiveCfg = Debug|Any CPU
		{78E8D47B-3DFE-41A5-80AB-1F00969FADC7}.Debug|Any CPU.Build.0 = Debug|Any CPU
		{78E8D47B-3DFE-41A5-80AB-1F00969FADC7}.Release|Any CPU.ActiveCfg = Release|Any CPU
		{78E8D47B-3DFE-41A5-80AB-1F00969FADC7}.Release|Any CPU.Build.0 = Release|Any CPU
		{9C00C863-D0B0-4D09-8AE3-EACDA562D458}.Debug|Any CPU.ActiveCfg = Debug|Any CPU
		{9C00C863-D0B0-4D09-8AE3-EACDA562D458}.Debug|Any CPU.Build.0 = Debug|Any CPU
		{9C00C863-D0B0-4D09-8AE3-EACDA562D458}.Release|Any CPU.ActiveCfg = Release|Any CPU
		{9C00C863-D0B0-4D09-8AE3-EACDA562D458}.Release|Any CPU.Build.0 = Release|Any CPU
		{235C5383-45DF-44AD-ABCB-FB59B5E887F8}.Debug|Any CPU.ActiveCfg = Debug|Any CPU
		{235C5383-45DF-44AD-ABCB-FB59B5E887F8}.Debug|Any CPU.Build.0 = Debug|Any CPU
		{235C5383-45DF-44AD-ABCB-FB59B5E887F8}.Release|Any CPU.ActiveCfg = Release|Any CPU
		{235C5383-45DF-44AD-ABCB-FB59B5E887F8}.Release|Any CPU.Build.0 = Release|Any CPU
	EndGlobalSection
	GlobalSection(SolutionProperties) = preSolution
		HideSolutionNode = FALSE
	EndGlobalSection
	GlobalSection(ExtensibilityGlobals) = postSolution
		SolutionGuid = {3E2F0782-EBCC-4DE8-AF0E-B8074B61F818}
	EndGlobalSection
EndGlobal
